// !$*UTF8*$!
{
	archiveVersion = 1;
	classes = {
	};
	objectVersion = 50;
	objects = {

/* Begin PBXBuildFile section */
		74324EFA22BA394400BE2CA4 /* CustomImageView.swift in Sources */ = {isa = PBXBuildFile; fileRef = 74324EF922BA394400BE2CA4 /* CustomImageView.swift */; };
		7445499722B76CC700307E31 /* AppDelegate.swift in Sources */ = {isa = PBXBuildFile; fileRef = 7445499622B76CC700307E31 /* AppDelegate.swift */; };
		7445499922B76CC700307E31 /* UIViewControllerExtension.swift in Sources */ = {isa = PBXBuildFile; fileRef = 7445499822B76CC700307E31 /* UIViewControllerExtension.swift */; };
		7445499C22B76CC700307E31 /* Main.storyboard in Resources */ = {isa = PBXBuildFile; fileRef = 7445499A22B76CC700307E31 /* Main.storyboard */; };
		7445499F22B76CC700307E31 /* virtualtourist.xcdatamodeld in Sources */ = {isa = PBXBuildFile; fileRef = 7445499D22B76CC700307E31 /* virtualtourist.xcdatamodeld */; };
		744549A122B76CCA00307E31 /* Assets.xcassets in Resources */ = {isa = PBXBuildFile; fileRef = 744549A022B76CCA00307E31 /* Assets.xcassets */; };
		744549A422B76CCA00307E31 /* LaunchScreen.storyboard in Resources */ = {isa = PBXBuildFile; fileRef = 744549A222B76CCA00307E31 /* LaunchScreen.storyboard */; };
		744549AC22B78B9300307E31 /* MapViewController.swift in Sources */ = {isa = PBXBuildFile; fileRef = 744549AB22B78B9300307E31 /* MapViewController.swift */; };
		744549AE22B78BCA00307E31 /* PhotosViewController.swift in Sources */ = {isa = PBXBuildFile; fileRef = 744549AD22B78BCA00307E31 /* PhotosViewController.swift */; };
		744549B022B78C8400307E31 /* PhotosCollectionViewCell.swift in Sources */ = {isa = PBXBuildFile; fileRef = 744549AF22B78C8400307E31 /* PhotosCollectionViewCell.swift */; };
		744549B222B79DCB00307E31 /* ClassDataController.swift in Sources */ = {isa = PBXBuildFile; fileRef = 744549B122B79DCB00307E31 /* ClassDataController.swift */; };
		744549B422B7A88800307E31 /* PinExtension.swift in Sources */ = {isa = PBXBuildFile; fileRef = 744549B322B7A88800307E31 /* PinExtension.swift */; };
		744549B622B7A8A200307E31 /* PhotoExtension.swift in Sources */ = {isa = PBXBuildFile; fileRef = 744549B522B7A8A200307E31 /* PhotoExtension.swift */; };
		744549B822B7CDD500307E31 /* Constants.swift in Sources */ = {isa = PBXBuildFile; fileRef = 744549B722B7CDD500307E31 /* Constants.swift */; };
		7450C59222B9242400F7EB3F /* FlickrAPI.swift in Sources */ = {isa = PBXBuildFile; fileRef = 7450C59122B9242400F7EB3F /* FlickrAPI.swift */; };
		74FF2F3822C0B5AB001A360F /* LoginViewController.swift in Sources */ = {isa = PBXBuildFile; fileRef = 74FF2F3722C0B5AB001A360F /* LoginViewController.swift */; };
		74FF2F3A22C0BDF2001A360F /* UdacityAPI.swift in Sources */ = {isa = PBXBuildFile; fileRef = 74FF2F3922C0BDF2001A360F /* UdacityAPI.swift */; };
/* End PBXBuildFile section */

/* Begin PBXFileReference section */
		74324EF922BA394400BE2CA4 /* CustomImageView.swift */ = {isa = PBXFileReference; lastKnownFileType = sourcecode.swift; path = CustomImageView.swift; sourceTree = "<group>"; };
		7445499322B76CC700307E31 /* virtualtourist.app */ = {isa = PBXFileReference; explicitFileType = wrapper.application; includeInIndex = 0; path = virtualtourist.app; sourceTree = BUILT_PRODUCTS_DIR; };
		7445499622B76CC700307E31 /* AppDelegate.swift */ = {isa = PBXFileReference; lastKnownFileType = sourcecode.swift; path = AppDelegate.swift; sourceTree = "<group>"; };
		7445499822B76CC700307E31 /* UIViewControllerExtension.swift */ = {isa = PBXFileReference; lastKnownFileType = sourcecode.swift; path = UIViewControllerExtension.swift; sourceTree = "<group>"; };
		7445499B22B76CC700307E31 /* Base */ = {isa = PBXFileReference; lastKnownFileType = file.storyboard; name = Base; path = Base.lproj/Main.storyboard; sourceTree = "<group>"; };
		7445499E22B76CC700307E31 /* virtual_tourist.xcdatamodel */ = {isa = PBXFileReference; lastKnownFileType = wrapper.xcdatamodel; path = virtual_tourist.xcdatamodel; sourceTree = "<group>"; };
		744549A022B76CCA00307E31 /* Assets.xcassets */ = {isa = PBXFileReference; lastKnownFileType = folder.assetcatalog; path = Assets.xcassets; sourceTree = "<group>"; };
		744549A322B76CCA00307E31 /* Base */ = {isa = PBXFileReference; lastKnownFileType = file.storyboard; name = Base; path = Base.lproj/LaunchScreen.storyboard; sourceTree = "<group>"; };
		744549A522B76CCA00307E31 /* Info.plist */ = {isa = PBXFileReference; lastKnownFileType = text.plist.xml; path = Info.plist; sourceTree = "<group>"; };
		744549AB22B78B9300307E31 /* MapViewController.swift */ = {isa = PBXFileReference; lastKnownFileType = sourcecode.swift; path = MapViewController.swift; sourceTree = "<group>"; };
		744549AD22B78BCA00307E31 /* PhotosViewController.swift */ = {isa = PBXFileReference; lastKnownFileType = sourcecode.swift; path = PhotosViewController.swift; sourceTree = "<group>"; };
		744549AF22B78C8400307E31 /* PhotosCollectionViewCell.swift */ = {isa = PBXFileReference; lastKnownFileType = sourcecode.swift; path = PhotosCollectionViewCell.swift; sourceTree = "<group>"; };
		744549B122B79DCB00307E31 /* ClassDataController.swift */ = {isa = PBXFileReference; lastKnownFileType = sourcecode.swift; path = ClassDataController.swift; sourceTree = "<group>"; };
		744549B322B7A88800307E31 /* PinExtension.swift */ = {isa = PBXFileReference; lastKnownFileType = sourcecode.swift; path = PinExtension.swift; sourceTree = "<group>"; };
		744549B522B7A8A200307E31 /* PhotoExtension.swift */ = {isa = PBXFileReference; lastKnownFileType = sourcecode.swift; path = PhotoExtension.swift; sourceTree = "<group>"; };
		744549B722B7CDD500307E31 /* Constants.swift */ = {isa = PBXFileReference; lastKnownFileType = sourcecode.swift; path = Constants.swift; sourceTree = "<group>"; };
		7450C59122B9242400F7EB3F /* FlickrAPI.swift */ = {isa = PBXFileReference; lastKnownFileType = sourcecode.swift; path = FlickrAPI.swift; sourceTree = "<group>"; };
		74FF2F3722C0B5AB001A360F /* LoginViewController.swift */ = {isa = PBXFileReference; lastKnownFileType = sourcecode.swift; path = LoginViewController.swift; sourceTree = "<group>"; };
		74FF2F3922C0BDF2001A360F /* UdacityAPI.swift */ = {isa = PBXFileReference; lastKnownFileType = sourcecode.swift; path = UdacityAPI.swift; sourceTree = "<group>"; };
/* End PBXFileReference section */

/* Begin PBXFrameworksBuildPhase section */
		7445499022B76CC700307E31 /* Frameworks */ = {
			isa = PBXFrameworksBuildPhase;
			buildActionMask = 2147483647;
			files = (
			);
			runOnlyForDeploymentPostprocessing = 0;
		};
/* End PBXFrameworksBuildPhase section */

/* Begin PBXGroup section */
		7445498A22B76CC700307E31 = {
			isa = PBXGroup;
			children = (
				7445499522B76CC700307E31 /* virtual tourist */,
				7445499422B76CC700307E31 /* Products */,
			);
			sourceTree = "<group>";
		};
		7445499422B76CC700307E31 /* Products */ = {
			isa = PBXGroup;
			children = (
				7445499322B76CC700307E31 /* virtualtourist.app */,
			);
			name = Products;
			sourceTree = "<group>";
		};
		7445499522B76CC700307E31 /* virtual tourist */ = {
			isa = PBXGroup;
			children = (
				7445499622B76CC700307E31 /* AppDelegate.swift */,
				7445499822B76CC700307E31 /* UIViewControllerExtension.swift */,
				7445499A22B76CC700307E31 /* Main.storyboard */,
				744549AF22B78C8400307E31 /* PhotosCollectionViewCell.swift */,
				744549AD22B78BCA00307E31 /* PhotosViewController.swift */,
				744549AB22B78B9300307E31 /* MapViewController.swift */,
				744549A022B76CCA00307E31 /* Assets.xcassets */,
				74FF2F3722C0B5AB001A360F /* LoginViewController.swift */,
				744549A222B76CCA00307E31 /* LaunchScreen.storyboard */,
				744549A522B76CCA00307E31 /* Info.plist */,
				7445499D22B76CC700307E31 /* virtualtourist.xcdatamodeld */,
				744549B122B79DCB00307E31 /* ClassDataController.swift */,
				744549B322B7A88800307E31 /* PinExtension.swift */,
				744549B522B7A8A200307E31 /* PhotoExtension.swift */,
				744549B722B7CDD500307E31 /* Constants.swift */,
				7450C59122B9242400F7EB3F /* FlickrAPI.swift */,
				74324EF922BA394400BE2CA4 /* CustomImageView.swift */,
				74FF2F3922C0BDF2001A360F /* UdacityAPI.swift */,
			);
			path = "virtual tourist";
			sourceTree = "<group>";
		};
/* End PBXGroup section */

/* Begin PBXNativeTarget section */
		7445499222B76CC700307E31 /* virtualtourist */ = {
			isa = PBXNativeTarget;
			buildConfigurationList = 744549A822B76CCA00307E31 /* Build configuration list for PBXNativeTarget "virtualtourist" */;
			buildPhases = (
				7445498F22B76CC700307E31 /* Sources */,
				7445499022B76CC700307E31 /* Frameworks */,
				7445499122B76CC700307E31 /* Resources */,
			);
			buildRules = (
			);
			dependencies = (
			);
			name = virtualtourist;
			productName = "virtual tourist";
			productReference = 7445499322B76CC700307E31 /* virtualtourist.app */;
			productType = "com.apple.product-type.application";
		};
/* End PBXNativeTarget section */

/* Begin PBXProject section */
		7445498B22B76CC700307E31 /* Project object */ = {
			isa = PBXProject;
			attributes = {
				LastSwiftUpdateCheck = 1010;
				LastUpgradeCheck = 1010;
				ORGANIZATIONNAME = Udacity;
				TargetAttributes = {
					7445499222B76CC700307E31 = {
						CreatedOnToolsVersion = 10.1;
					};
				};
			};
			buildConfigurationList = 7445498E22B76CC700307E31 /* Build configuration list for PBXProject "virtualtourist" */;
			compatibilityVersion = "Xcode 9.3";
			developmentRegion = en;
			hasScannedForEncodings = 0;
			knownRegions = (
				en,
				Base,
			);
			mainGroup = 7445498A22B76CC700307E31;
			productRefGroup = 7445499422B76CC700307E31 /* Products */;
			projectDirPath = "";
			projectRoot = "";
			targets = (
				7445499222B76CC700307E31 /* virtualtourist */,
			);
		};
/* End PBXProject section */

/* Begin PBXResourcesBuildPhase section */
		7445499122B76CC700307E31 /* Resources */ = {
			isa = PBXResourcesBuildPhase;
			buildActionMask = 2147483647;
			files = (
				744549A422B76CCA00307E31 /* LaunchScreen.storyboard in Resources */,
				744549A122B76CCA00307E31 /* Assets.xcassets in Resources */,
				7445499C22B76CC700307E31 /* Main.storyboard in Resources */,
			);
			runOnlyForDeploymentPostprocessing = 0;
		};
/* End PBXResourcesBuildPhase section */

/* Begin PBXSourcesBuildPhase section */
		7445498F22B76CC700307E31 /* Sources */ = {
			isa = PBXSourcesBuildPhase;
			buildActionMask = 2147483647;
			files = (
				7445499922B76CC700307E31 /* UIViewControllerExtension.swift in Sources */,
				74324EFA22BA394400BE2CA4 /* CustomImageView.swift in Sources */,
				74FF2F3A22C0BDF2001A360F /* UdacityAPI.swift in Sources */,
				744549B422B7A88800307E31 /* PinExtension.swift in Sources */,
				744549B222B79DCB00307E31 /* ClassDataController.swift in Sources */,
				7445499722B76CC700307E31 /* AppDelegate.swift in Sources */,
				7450C59222B9242400F7EB3F /* FlickrAPI.swift in Sources */,
				7445499F22B76CC700307E31 /* virtualtourist.xcdatamodeld in Sources */,
				744549B822B7CDD500307E31 /* Constants.swift in Sources */,
				744549AC22B78B9300307E31 /* MapViewController.swift in Sources */,
				744549AE22B78BCA00307E31 /* PhotosViewController.swift in Sources */,
				744549B022B78C8400307E31 /* PhotosCollectionViewCell.swift in Sources */,
				74FF2F3822C0B5AB001A360F /* LoginViewController.swift in Sources */,
				744549B622B7A8A200307E31 /* PhotoExtension.swift in Sources */,
			);
			runOnlyForDeploymentPostprocessing = 0;
		};
/* End PBXSourcesBuildPhase section */

/* Begin PBXVariantGroup section */
		7445499A22B76CC700307E31 /* Main.storyboard */ = {
			isa = PBXVariantGroup;
			children = (
				7445499B22B76CC700307E31 /* Base */,
			);
			name = Main.storyboard;
			sourceTree = "<group>";
		};
		744549A222B76CCA00307E31 /* LaunchScreen.storyboard */ = {
			isa = PBXVariantGroup;
			children = (
				744549A322B76CCA00307E31 /* Base */,
			);
			name = LaunchScreen.storyboard;
			sourceTree = "<group>";
		};
/* End PBXVariantGroup section */

/* Begin XCBuildConfiguration section */
		744549A622B76CCA00307E31 /* Debug */ = {
			isa = XCBuildConfiguration;
			buildSettings = {
				ALWAYS_SEARCH_USER_PATHS = NO;
				CLANG_ANALYZER_NONNULL = YES;
				CLANG_ANALYZER_NUMBER_OBJECT_CONVERSION = YES_AGGRESSIVE;
				CLANG_CXX_LANGUAGE_STANDARD = "gnu++14";
				CLANG_CXX_LIBRARY = "libc++";
				CLANG_ENABLE_MODULES = YES;
				CLANG_ENABLE_OBJC_ARC = YES;
				CLANG_ENABLE_OBJC_WEAK = YES;
				CLANG_WARN_BLOCK_CAPTURE_AUTORELEASING = YES;
				CLANG_WARN_BOOL_CONVERSION = YES;
				CLANG_WARN_COMMA = YES;
				CLANG_WARN_CONSTANT_CONVERSION = YES;
				CLANG_WARN_DEPRECATED_OBJC_IMPLEMENTATIONS = YES;
				CLANG_WARN_DIRECT_OBJC_ISA_USAGE = YES_ERROR;
				CLANG_WARN_DOCUMENTATION_COMMENTS = YES;
				CLANG_WARN_EMPTY_BODY = YES;
				CLANG_WARN_ENUM_CONVERSION = YES;
				CLANG_WARN_INFINITE_RECURSION = YES;
				CLANG_WARN_INT_CONVERSION = YES;
				CLANG_WARN_NON_LITERAL_NULL_CONVERSION = YES;
				CLANG_WARN_OBJC_IMPLICIT_RETAIN_SELF = YES;
				CLANG_WARN_OBJC_LITERAL_CONVERSION = YES;
				CLANG_WARN_OBJC_ROOT_CLASS = YES_ERROR;
				CLANG_WARN_RANGE_LOOP_ANALYSIS = YES;
				CLANG_WARN_STRICT_PROTOTYPES = YES;
				CLANG_WARN_SUSPICIOUS_MOVE = YES;
				CLANG_WARN_UNGUARDED_AVAILABILITY = YES_AGGRESSIVE;
				CLANG_WARN_UNREACHABLE_CODE = YES;
				CLANG_WARN__DUPLICATE_METHOD_MATCH = YES;
				CODE_SIGN_IDENTITY = "iPhone Developer";
				COPY_PHASE_STRIP = NO;
				DEBUG_INFORMATION_FORMAT = dwarf;
				ENABLE_STRICT_OBJC_MSGSEND = YES;
				ENABLE_TESTABILITY = YES;
				GCC_C_LANGUAGE_STANDARD = gnu11;
				GCC_DYNAMIC_NO_PIC = NO;
				GCC_NO_COMMON_BLOCKS = YES;
				GCC_OPTIMIZATION_LEVEL = 0;
				GCC_PREPROCESSOR_DEFINITIONS = (
					"DEBUG=1",
					"$(inherited)",
				);
				GCC_WARN_64_TO_32_BIT_CONVERSION = YES;
				GCC_WARN_ABOUT_RETURN_TYPE = YES_ERROR;
				GCC_WARN_UNDECLARED_SELECTOR = YES;
				GCC_WARN_UNINITIALIZED_AUTOS = YES_AGGRESSIVE;
				GCC_WARN_UNUSED_FUNCTION = YES;
				GCC_WARN_UNUSED_VARIABLE = YES;
				IPHONEOS_DEPLOYMENT_TARGET = 12.1;
				MTL_ENABLE_DEBUG_INFO = INCLUDE_SOURCE;
				MTL_FAST_MATH = YES;
				ONLY_ACTIVE_ARCH = YES;
				SDKROOT = iphoneos;
				SWIFT_ACTIVE_COMPILATION_CONDITIONS = DEBUG;
				SWIFT_OPTIMIZATION_LEVEL = "-Onone";
			};
			name = Debug;
		};
		744549A722B76CCA00307E31 /* Release */ = {
			isa = XCBuildConfiguration;
			buildSettings = {
				ALWAYS_SEARCH_USER_PATHS = NO;
				CLANG_ANALYZER_NONNULL = YES;
				CLANG_ANALYZER_NUMBER_OBJECT_CONVERSION = YES_AGGRESSIVE;
				CLANG_CXX_LANGUAGE_STANDARD = "gnu++14";
				CLANG_CXX_LIBRARY = "libc++";
				CLANG_ENABLE_MODULES = YES;
				CLANG_ENABLE_OBJC_ARC = YES;
				CLANG_ENABLE_OBJC_WEAK = YES;
				CLANG_WARN_BLOCK_CAPTURE_AUTORELEASING = YES;
				CLANG_WARN_BOOL_CONVERSION = YES;
				CLANG_WARN_COMMA = YES;
				CLANG_WARN_CONSTANT_CONVERSION = YES;
				CLANG_WARN_DEPRECATED_OBJC_IMPLEMENTATIONS = YES;
				CLANG_WARN_DIRECT_OBJC_ISA_USAGE = YES_ERROR;
				CLANG_WARN_DOCUMENTATION_COMMENTS = YES;
				CLANG_WARN_EMPTY_BODY = YES;
				CLANG_WARN_ENUM_CONVERSION = YES;
				CLANG_WARN_INFINITE_RECURSION = YES;
				CLANG_WARN_INT_CONVERSION = YES;
				CLANG_WARN_NON_LITERAL_NULL_CONVERSION = YES;
				CLANG_WARN_OBJC_IMPLICIT_RETAIN_SELF = YES;
				CLANG_WARN_OBJC_LITERAL_CONVERSION = YES;
				CLANG_WARN_OBJC_ROOT_CLASS = YES_ERROR;
				CLANG_WARN_RANGE_LOOP_ANALYSIS = YES;
				CLANG_WARN_STRICT_PROTOTYPES = YES;
				CLANG_WARN_SUSPICIOUS_MOVE = YES;
				CLANG_WARN_UNGUARDED_AVAILABILITY = YES_AGGRESSIVE;
				CLANG_WARN_UNREACHABLE_CODE = YES;
				CLANG_WARN__DUPLICATE_METHOD_MATCH = YES;
				CODE_SIGN_IDENTITY = "iPhone Developer";
				COPY_PHASE_STRIP = NO;
				DEBUG_INFORMATION_FORMAT = "dwarf-with-dsym";
				ENABLE_NS_ASSERTIONS = NO;
				ENABLE_STRICT_OBJC_MSGSEND = YES;
				GCC_C_LANGUAGE_STANDARD = gnu11;
				GCC_NO_COMMON_BLOCKS = YES;
				GCC_WARN_64_TO_32_BIT_CONVERSION = YES;
				GCC_WARN_ABOUT_RETURN_TYPE = YES_ERROR;
				GCC_WARN_UNDECLARED_SELECTOR = YES;
				GCC_WARN_UNINITIALIZED_AUTOS = YES_AGGRESSIVE;
				GCC_WARN_UNUSED_FUNCTION = YES;
				GCC_WARN_UNUSED_VARIABLE = YES;
				IPHONEOS_DEPLOYMENT_TARGET = 12.1;
				MTL_ENABLE_DEBUG_INFO = NO;
				MTL_FAST_MATH = YES;
				SDKROOT = iphoneos;
				SWIFT_COMPILATION_MODE = wholemodule;
				SWIFT_OPTIMIZATION_LEVEL = "-O";
				VALIDATE_PRODUCT = YES;
			};
			name = Release;
		};
		744549A922B76CCA00307E31 /* Debug */ = {
			isa = XCBuildConfiguration;
			buildSettings = {
				ASSETCATALOG_COMPILER_APPICON_NAME = AppIcon;
				CODE_SIGN_STYLE = Automatic;
				DEVELOPMENT_TEAM = QSLV5JWPZ9;
				INFOPLIST_FILE = "virtual tourist/Info.plist";
				LD_RUNPATH_SEARCH_PATHS = (
					"$(inherited)",
					"@executable_path/Frameworks",
				);
				PRODUCT_BUNDLE_IDENTIFIER = "com.udacity.virtual-tourist";
				PRODUCT_NAME = "$(TARGET_NAME)";
				SWIFT_VERSION = 4.2;
				TARGETED_DEVICE_FAMILY = "1,2";
			};
			name = Debug;
		};
		744549AA22B76CCA00307E31 /* Release */ = {
			isa = XCBuildConfiguration;
			buildSettings = {
				ASSETCATALOG_COMPILER_APPICON_NAME = AppIcon;
				CODE_SIGN_STYLE = Automatic;
				DEVELOPMENT_TEAM = QSLV5JWPZ9;
				INFOPLIST_FILE = "virtual tourist/Info.plist";
				LD_RUNPATH_SEARCH_PATHS = (
					"$(inherited)",
					"@executable_path/Frameworks",
				);
				PRODUCT_BUNDLE_IDENTIFIER = "com.udacity.virtual-tourist";
				PRODUCT_NAME = "$(TARGET_NAME)";
				SWIFT_VERSION = 4.2;
				TARGETED_DEVICE_FAMILY = "1,2";
			};
			name = Release;
		};
/* End XCBuildConfiguration section */

/* Begin XCConfigurationList section */
		7445498E22B76CC700307E31 /* Build configuration list for PBXProject "virtualtourist" */ = {
			isa = XCConfigurationList;
			buildConfigurations = (
				744549A622B76CCA00307E31 /* Debug */,
				744549A722B76CCA00307E31 /* Release */,
			);
			defaultConfigurationIsVisible = 0;
			defaultConfigurationName = Release;
		};
		744549A822B76CCA00307E31 /* Build configuration list for PBXNativeTarget "virtualtourist" */ = {
			isa = XCConfigurationList;
			buildConfigurations = (
				744549A922B76CCA00307E31 /* Debug */,
				744549AA22B76CCA00307E31 /* Release */,
			);
			defaultConfigurationIsVisible = 0;
			defaultConfigurationName = Release;
		};
/* End XCConfigurationList section */

/* Begin XCVersionGroup section */
		7445499D22B76CC700307E31 /* virtualtourist.xcdatamodeld */ = {
			isa = XCVersionGroup;
			children = (
				7445499E22B76CC700307E31 /* virtual_tourist.xcdatamodel */,
			);
			currentVersion = 7445499E22B76CC700307E31 /* virtual_tourist.xcdatamodel */;
			path = virtualtourist.xcdatamodeld;
			sourceTree = "<group>";
			versionGroupType = wrapper.xcdatamodel;
		};
/* End XCVersionGroup section */
	};
	rootObject = 7445498B22B76CC700307E31 /* Project object */;
}
